
Microsoft Visual Studio Solution File, Format Version 12.00
# Visual Studio Version 17
VisualStudioVersion = 17.0.31912.275
MinimumVisualStudioVersion = 10.0.40219.1
Project("{FAE04EC0-301F-11D3-BF4B-00C04F79EFBC}") = "WindowsFormsApp4", "WindowsFormsApp4\WindowsFormsApp4.csproj", "{C121DCF4-F91A-4BEC-B5AD-C3AA56912495}"
EndProject
Global
	GlobalSection(SolutionConfigurationPlatforms) = preSolution
		Debug|Any CPU = Debug|Any CPU
		Release|Any CPU = Release|Any CPU
	EndGlobalSection
	GlobalSection(ProjectConfigurationPlatforms) = postSolution
		{C121DCF4-F91A-4BEC-B5AD-C3AA56912495}.Debug|Any CPU.ActiveCfg = Debug|Any CPU
		{C121DCF4-F91A-4BEC-B5AD-C3AA56912495}.Debug|Any CPU.Build.0 = Debug|Any CPU
		{C121DCF4-F91A-4BEC-B5AD-C3AA56912495}.Release|Any CPU.ActiveCfg = Release|Any CPU
		{C121DCF4-F91A-4BEC-B5AD-C3AA56912495}.Release|Any CPU.Build.0 = Release|Any CPU
	EndGlobalSection
	GlobalSection(SolutionProperties) = preSolution
		HideSolutionNode = FALSE
	EndGlobalSection
	GlobalSection(ExtensibilityGlobals) = postSolution
		SolutionGuid = {189CC69F-22CB-4D4C-8CD0-DE3BBA458E75}
	EndGlobalSection
EndGlobal
