
Microsoft Visual Studio Solution File, Format Version 12.00
# Visual Studio Version 17
VisualStudioVersion = 17.0.31912.275
MinimumVisualStudioVersion = 10.0.40219.1
Project("{FAE04EC0-301F-11D3-BF4B-00C04F79EFBC}") = "Review", "Review\Review.csproj", "{88276615-321D-4EB6-BEF9-4C80B9D3C3A1}"
EndProject
Global
	GlobalSection(SolutionConfigurationPlatforms) = preSolution
		Debug|Any CPU = Debug|Any CPU
		Release|Any CPU = Release|Any CPU
	EndGlobalSection
	GlobalSection(ProjectConfigurationPlatforms) = postSolution
		{88276615-321D-4EB6-BEF9-4C80B9D3C3A1}.Debug|Any CPU.ActiveCfg = Debug|Any CPU
		{88276615-321D-4EB6-BEF9-4C80B9D3C3A1}.Debug|Any CPU.Build.0 = Debug|Any CPU
		{88276615-321D-4EB6-BEF9-4C80B9D3C3A1}.Release|Any CPU.ActiveCfg = Release|Any CPU
		{88276615-321D-4EB6-BEF9-4C80B9D3C3A1}.Release|Any CPU.Build.0 = Release|Any CPU
	EndGlobalSection
	GlobalSection(SolutionProperties) = preSolution
		HideSolutionNode = FALSE
	EndGlobalSection
	GlobalSection(ExtensibilityGlobals) = postSolution
		SolutionGuid = {EBF33070-D1F8-4869-868A-7E5971A1EA57}
	EndGlobalSection
EndGlobal
